
Microsoft Visual Studio Solution File, Format Version 12.00
# Visual Studio 2012
Project("{FAE04EC0-301F-11D3-BF4B-00C04F79EFBC}") = "Common", "Common\Common.csproj", "{38EF8366-B79F-4F65-A788-A5311168740B}"
EndProject
Project("{FAE04EC0-301F-11D3-BF4B-00C04F79EFBC}") = "DeliveryRoom", "DeliveryRoom\DeliveryRoom.csproj", "{DE9C8B72-EDA2-4931-8D80-FD0A2BF81146}"
EndProject
Global
	GlobalSection(SolutionConfigurationPlatforms) = preSolution
		Debug|Any CPU = Debug|Any CPU
		Release|Any CPU = Release|Any CPU
	EndGlobalSection
	GlobalSection(ProjectConfigurationPlatforms) = postSolution
		{38EF8366-B79F-4F65-A788-A5311168740B}.Debug|Any CPU.ActiveCfg = Debug|Any CPU
		{38EF8366-B79F-4F65-A788-A5311168740B}.Debug|Any CPU.Build.0 = Debug|Any CPU
		{38EF8366-B79F-4F65-A788-A5311168740B}.Release|Any CPU.ActiveCfg = Release|Any CPU
		{38EF8366-B79F-4F65-A788-A5311168740B}.Release|Any CPU.Build.0 = Release|Any CPU
		{DE9C8B72-EDA2-4931-8D80-FD0A2BF81146}.Debug|Any CPU.ActiveCfg = Debug|Any CPU
		{DE9C8B72-EDA2-4931-8D80-FD0A2BF81146}.Debug|Any CPU.Build.0 = Debug|Any CPU
		{DE9C8B72-EDA2-4931-8D80-FD0A2BF81146}.Release|Any CPU.ActiveCfg = Release|Any CPU
		{DE9C8B72-EDA2-4931-8D80-FD0A2BF81146}.Release|Any CPU.Build.0 = Release|Any CPU
	EndGlobalSection
	GlobalSection(SolutionProperties) = preSolution
		HideSolutionNode = FALSE
	EndGlobalSection
EndGlobal
